
Microsoft Visual Studio Solution File, Format Version 12.00
# Visual Studio Version 16
VisualStudioVersion = 16.0.32602.291
MinimumVisualStudioVersion = 10.0.40219.1
Project("{8BC9CEB8-8B4A-11D0-8D11-00A0C91BC942}") = "Kyber_porting", "Kyber_porting\Kyber_porting.vcxproj", "{3BCB2402-1076-4BAC-9D6E-CAFDC4EE9DFF}"
EndProject
Global
	GlobalSection(SolutionConfigurationPlatforms) = preSolution
		Debug|x64 = Debug|x64
		Release|x64 = Release|x64
	EndGlobalSection
	GlobalSection(ProjectConfigurationPlatforms) = postSolution
		{3BCB2402-1076-4BAC-9D6E-CAFDC4EE9DFF}.Debug|x64.ActiveCfg = Debug|x64
		{3BCB2402-1076-4BAC-9D6E-CAFDC4EE9DFF}.Debug|x64.Build.0 = Debug|x64
		{3BCB2402-1076-4BAC-9D6E-CAFDC4EE9DFF}.Release|x64.ActiveCfg = Release|x64
		{3BCB2402-1076-4BAC-9D6E-CAFDC4EE9DFF}.Release|x64.Build.0 = Release|x64
	EndGlobalSection
	GlobalSection(SolutionProperties) = preSolution
		HideSolutionNode = FALSE
	EndGlobalSection
	GlobalSection(ExtensibilityGlobals) = postSolution
		SolutionGuid = {3E321AD9-5532-4B01-AF19-A0E5E1AC217E}
	EndGlobalSection
EndGlobal
